{
  "originHash" : "77e7dfd2f360909acdfc5c00f3af3586fcb1b1d76409a8886601c20652639c83",
  "pins" : [
    {
      "identity" : "sirosdk",
      "kind" : "remoteSourceControl",
      "location" : "https://github.com/Siro-ai/SiroSDK",
      "state" : {
        "revision" : "93fa93c60dca142dfa4ed5dc1b8e0fd6f54e7f67",
        "version" : "2.6.1"
      }
    }
  ],
  "version" : 3
}
