{
  "originHash" : "77e7dfd2f360909acdfc5c00f3af3586fcb1b1d76409a8886601c20652639c83",
  "pins" : [
    {
      "identity" : "sirosdk",
      "kind" : "remoteSourceControl",
      "location" : "https://github.com/Siro-ai/SiroSDK",
      "state" : {
        "revision" : "e7492bca7cbec75cd5607146d9c55a41e176fccf",
        "version" : "2.0.2"
      }
    }
  ],
  "version" : 3
}
