{
  "originHash" : "77e7dfd2f360909acdfc5c00f3af3586fcb1b1d76409a8886601c20652639c83",
  "pins" : [
    {
      "identity" : "sirosdk",
      "kind" : "remoteSourceControl",
      "location" : "https://github.com/Siro-ai/SiroSDK",
      "state" : {
        "revision" : "0565c620e3ba081cfb51bbed9eaa74a4b58e9830",
        "version" : "2.0.5"
      }
    }
  ],
  "version" : 3
}
